{
  "requires": true,
  "lockfileVersion": 1,
  "dependencies": {
    "tailwindcss-writing-mode": {
      "version": "1.0.0",
      "resolved": "https://registry.npmjs.org/tailwindcss-writing-mode/-/tailwindcss-writing-mode-1.0.0.tgz",
      "integrity": "sha512-w72adZDP4aCCut8gJzVp1Z2Ht55JlY1Q0ZgJULeAbCEUCfkHVJS+ZYlfMXOmflIDNqnOsGizgojXxq87R0kh7g==",
      "dev": true
    }
  }
}
